<?xml version="1.0" encoding="utf-8"?>
<Project ToolsVersion="4.0" xmlns="http://schemas.microsoft.com/developer/msbuild/2003">
  <ItemGroup>
    <Filter Include="Source Files">
      <UniqueIdentifier>{4FC737F1-C7A5-4376-A066-2A32D752A2FF}</UniqueIdentifier>
      <Extensions>cpp;c;cc;cxx;c++;cppm;ixx;def;odl;idl;hpj;bat;asm;asmx</Extensions>
    </Filter>
    <Filter Include="Header Files">
      <UniqueIdentifier>{93995380-89BD-4b04-88EB-625FBE52EBFB}</UniqueIdentifier>
      <Extensions>h;hh;hpp;hxx;h++;hm;inl;inc;ipp;xsd</Extensions>
    </Filter>
    <Filter Include="Resource Files">
      <UniqueIdentifier>{67DA6AB6-F800-4c08-8B7A-83BB121AAD01}</UniqueIdentifier>
      <Extensions>rc;ico;cur;bmp;dlg;rc2;rct;bin;rgs;gif;jpg;jpeg;jpe;resx;tiff;tif;png;wav;mfcribbon-ms</Extensions>
    </Filter>
    <Filter Include="Source Files\WWise">
      <UniqueIdentifier>{e15394a0-18a2-4d7b-92d8-a8a01222f5f9}</UniqueIdentifier>
    </Filter>
    <Filter Include="Header Files\WWise">
      <UniqueIdentifier>{ee5046f2-a09c-4f45-9244-b9b758591d7b}</UniqueIdentifier>
    </Filter>
  </ItemGroup>
  <ItemGroup>
    <ClCompile Include="JAGErrors.cpp">
      <Filter>Source Files</Filter>
    </ClCompile>
    <ClCompile Include="GLSLProgram.cpp">
      <Filter>Source Files</Filter>
    </ClCompile>
    <ClCompile Include="ImageLoader.cpp">
      <Filter>Source Files</Filter>
    </ClCompile>
    <ClCompile Include="IOManager.cpp">
      <Filter>Source Files</Filter>
    </ClCompile>
    <ClCompile Include="picoPNG.cpp">
      <Filter>Source Files</Filter>
    </ClCompile>
    <ClCompile Include="ResourceManager.cpp">
      <Filter>Source Files</Filter>
    </ClCompile>
    <ClCompile Include="Sprite.cpp">
      <Filter>Source Files</Filter>
    </ClCompile>
    <ClCompile Include="TextureCache.cpp">
      <Filter>Source Files</Filter>
    </ClCompile>
    <ClCompile Include="Window.cpp">
      <Filter>Source Files</Filter>
    </ClCompile>
    <ClCompile Include="JAGEngine.cpp">
      <Filter>Source Files</Filter>
    </ClCompile>
    <ClCompile Include="Camera2D.cpp">
      <Filter>Source Files</Filter>
    </ClCompile>
    <ClCompile Include="SpriteBatch.cpp">
      <Filter>Source Files</Filter>
    </ClCompile>
    <ClCompile Include="InputManager.cpp">
      <Filter>Source Files</Filter>
    </ClCompile>
    <ClCompile Include="Timing.cpp">
      <Filter>Source Files</Filter>
    </ClCompile>
    <ClCompile Include="SpriteFont.cpp">
      <Filter>Source Files</Filter>
    </ClCompile>
    <ClCompile Include="AudioEngine.cpp">
      <Filter>Source Files</Filter>
    </ClCompile>
    <ClCompile Include="ParticleEngine2D.cpp">
      <Filter>Source Files</Filter>
    </ClCompile>
    <ClCompile Include="ParticleBatch2D.cpp">
      <Filter>Source Files</Filter>
    </ClCompile>
    <ClCompile Include="ImGuiManager.cpp">
      <Filter>Source Files</Filter>
    </ClCompile>
    <ClCompile Include="IMainGame.cpp">
      <Filter>Source Files</Filter>
    </ClCompile>
    <ClCompile Include="ScreenList.cpp">
      <Filter>Source Files</Filter>
    </ClCompile>
    <ClCompile Include="OpenGLDebug.cpp">
      <Filter>Source Files</Filter>
    </ClCompile>
    <ClCompile Include="WWiseAudioEngine.cpp">
      <Filter>Source Files</Filter>
    </ClCompile>
    <ClCompile Include="..\..\..\..\..\..\..\..\Program Files (x86)\Audiokinetic\Wwise2024.1.2.8726\SDK\samples\SoundEngine\Common\AkDefaultLowLevelIODispatcher.cpp">
      <Filter>Source Files\WWise</Filter>
    </ClCompile>
    <ClCompile Include="..\..\..\..\..\..\..\..\Program Files (x86)\Audiokinetic\Wwise2024.1.2.8726\SDK\samples\SoundEngine\Common\AkFileLocationBase.cpp">
      <Filter>Source Files\WWise</Filter>
    </ClCompile>
    <ClCompile Include="..\..\..\..\..\..\..\..\Program Files (x86)\Audiokinetic\Wwise2024.1.2.8726\SDK\samples\SoundEngine\Common\AkFilePackage.cpp">
      <Filter>Source Files\WWise</Filter>
    </ClCompile>
    <ClCompile Include="..\..\..\..\..\..\..\..\Program Files (x86)\Audiokinetic\Wwise2024.1.2.8726\SDK\samples\SoundEngine\Common\AkFilePackageLUT.cpp">
      <Filter>Source Files\WWise</Filter>
    </ClCompile>
    <ClCompile Include="..\..\..\..\..\..\..\..\Program Files (x86)\Audiokinetic\Wwise2024.1.2.8726\SDK\samples\SoundEngine\Common\AkGeneratedSoundBanksResolver.cpp">
      <Filter>Source Files\WWise</Filter>
    </ClCompile>
    <ClCompile Include="..\..\..\..\..\..\..\..\Program Files (x86)\Audiokinetic\Wwise2024.1.2.8726\SDK\samples\SoundEngine\Common\AkJobWorkerMgr.cpp">
      <Filter>Source Files\WWise</Filter>
    </ClCompile>
    <ClCompile Include="..\..\..\..\..\..\..\..\Program Files (x86)\Audiokinetic\Wwise2024.1.2.8726\SDK\samples\SoundEngine\Common\AkMultipleFileLocation.cpp">
      <Filter>Source Files\WWise</Filter>
    </ClCompile>
    <ClCompile Include="..\..\..\..\..\..\..\..\Program Files (x86)\Audiokinetic\Wwise2024.1.2.8726\SDK\samples\SoundEngine\Common\AkPlatformProfilerHookStubs.cpp">
      <Filter>Source Files\WWise</Filter>
    </ClCompile>
    <ClCompile Include="..\..\..\..\..\..\..\..\Program Files (x86)\Audiokinetic\Wwise2024.1.2.8726\SDK\samples\SoundEngine\Win32\AkDefaultIOHookDeferred.cpp">
      <Filter>Source Files\WWise</Filter>
    </ClCompile>
    <ClCompile Include="..\..\..\..\..\..\..\..\Program Files (x86)\Audiokinetic\Wwise2024.1.2.8726\SDK\samples\SoundEngine\Win32\AkPlatformProfilerHooks.cpp">
      <Filter>Source Files\WWise</Filter>
    </ClCompile>
    <ClCompile Include="..\..\..\..\..\..\..\..\Program Files (x86)\Audiokinetic\Wwise2024.1.2.8726\SDK\samples\SoundEngine\Win32\stdafx.cpp">
      <Filter>Source Files\WWise</Filter>
    </ClCompile>
  </ItemGroup>
  <ItemGroup>
    <ClInclude Include="Window.h">
      <Filter>Header Files</Filter>
    </ClInclude>
    <ClInclude Include="JAGErrors.h">
      <Filter>Header Files</Filter>
    </ClInclude>
    <ClInclude Include="GLSLProgram.h">
      <Filter>Header Files</Filter>
    </ClInclude>
    <ClInclude Include="GLTexture.h">
      <Filter>Header Files</Filter>
    </ClInclude>
    <ClInclude Include="ImageLoader.h">
      <Filter>Header Files</Filter>
    </ClInclude>
    <ClInclude Include="IOManager.h">
      <Filter>Header Files</Filter>
    </ClInclude>
    <ClInclude Include="picoPNG.h">
      <Filter>Header Files</Filter>
    </ClInclude>
    <ClInclude Include="ResourceManager.h">
      <Filter>Header Files</Filter>
    </ClInclude>
    <ClInclude Include="Sprite.h">
      <Filter>Header Files</Filter>
    </ClInclude>
    <ClInclude Include="TextureCache.h">
      <Filter>Header Files</Filter>
    </ClInclude>
    <ClInclude Include="Vertex.h">
      <Filter>Header Files</Filter>
    </ClInclude>
    <ClInclude Include="JAGEngine.h">
      <Filter>Header Files</Filter>
    </ClInclude>
    <ClInclude Include="Camera2D.h">
      <Filter>Header Files</Filter>
    </ClInclude>
    <ClInclude Include="SpriteBatch.h">
      <Filter>Header Files</Filter>
    </ClInclude>
    <ClInclude Include="InputManager.h">
      <Filter>Header Files</Filter>
    </ClInclude>
    <ClInclude Include="Timing.h">
      <Filter>Header Files</Filter>
    </ClInclude>
    <ClInclude Include="SpriteFont.h">
      <Filter>Header Files</Filter>
    </ClInclude>
    <ClInclude Include="AudioEngine.h">
      <Filter>Header Files</Filter>
    </ClInclude>
    <ClInclude Include="ParticleEngine2D.h">
      <Filter>Header Files</Filter>
    </ClInclude>
    <ClInclude Include="ParticleBatch2D.h">
      <Filter>Header Files</Filter>
    </ClInclude>
    <ClInclude Include="ImGuiManager.h">
      <Filter>Header Files</Filter>
    </ClInclude>
    <ClInclude Include="IGameScreen.h">
      <Filter>Header Files</Filter>
    </ClInclude>
    <ClInclude Include="IMainGame.h">
      <Filter>Header Files</Filter>
    </ClInclude>
    <ClInclude Include="ScreenList.h">
      <Filter>Header Files</Filter>
    </ClInclude>
    <ClInclude Include="OpenGLDebug.h">
      <Filter>Header Files</Filter>
    </ClInclude>
    <ClInclude Include="Core.h">
      <Filter>Header Files</Filter>
    </ClInclude>
    <ClInclude Include="WWiseAudioEngine.h">
      <Filter>Header Files</Filter>
    </ClInclude>
    <ClInclude Include="..\..\..\..\..\..\..\..\Program Files (x86)\Audiokinetic\Wwise2024.1.2.8726\SDK\samples\SoundEngine\Common\AkDefaultLowLevelIODispatcher.h">
      <Filter>Header Files\WWise</Filter>
    </ClInclude>
    <ClInclude Include="..\..\..\..\..\..\..\..\Program Files (x86)\Audiokinetic\Wwise2024.1.2.8726\SDK\samples\SoundEngine\Common\AkFileHelpersBase.h">
      <Filter>Header Files\WWise</Filter>
    </ClInclude>
    <ClInclude Include="..\..\..\..\..\..\..\..\Program Files (x86)\Audiokinetic\Wwise2024.1.2.8726\SDK\samples\SoundEngine\Common\AkFileLocationBase.h">
      <Filter>Header Files\WWise</Filter>
    </ClInclude>
    <ClInclude Include="..\..\..\..\..\..\..\..\Program Files (x86)\Audiokinetic\Wwise2024.1.2.8726\SDK\samples\SoundEngine\Common\AkFilePackage.h">
      <Filter>Header Files\WWise</Filter>
    </ClInclude>
    <ClInclude Include="..\..\..\..\..\..\..\..\Program Files (x86)\Audiokinetic\Wwise2024.1.2.8726\SDK\samples\SoundEngine\Common\AkFilePackageLowLevelIO.h">
      <Filter>Header Files\WWise</Filter>
    </ClInclude>
    <ClInclude Include="..\..\..\..\..\..\..\..\Program Files (x86)\Audiokinetic\Wwise2024.1.2.8726\SDK\samples\SoundEngine\Common\AkFilePackageLowLevelIODeferred.h">
      <Filter>Header Files\WWise</Filter>
    </ClInclude>
    <ClInclude Include="..\..\..\..\..\..\..\..\Program Files (x86)\Audiokinetic\Wwise2024.1.2.8726\SDK\samples\SoundEngine\Common\AkGeneratedSoundBanksResolver.h">
      <Filter>Header Files\WWise</Filter>
    </ClInclude>
    <ClInclude Include="..\..\..\..\..\..\..\..\Program Files (x86)\Audiokinetic\Wwise2024.1.2.8726\SDK\samples\SoundEngine\Common\AkJobWorkerMgr.h">
      <Filter>Header Files\WWise</Filter>
    </ClInclude>
    <ClInclude Include="..\..\..\..\..\..\..\..\Program Files (x86)\Audiokinetic\Wwise2024.1.2.8726\SDK\samples\SoundEngine\Common\AkPlatformProfilerHooks.h">
      <Filter>Header Files\WWise</Filter>
    </ClInclude>
    <ClInclude Include="..\..\..\..\..\..\..\..\Program Files (x86)\Audiokinetic\Wwise2024.1.2.8726\SDK\samples\SoundEngine\Common\AkMultipleFileLocation.h">
      <Filter>Header Files\WWise</Filter>
    </ClInclude>
    <ClInclude Include="..\..\..\..\..\..\..\..\Program Files (x86)\Audiokinetic\Wwise2024.1.2.8726\SDK\samples\SoundEngine\Common\AkFilePackageLUT.h">
      <Filter>Header Files\WWise</Filter>
    </ClInclude>
    <ClInclude Include="..\..\..\..\..\..\..\..\Program Files (x86)\Audiokinetic\Wwise2024.1.2.8726\SDK\samples\SoundEngine\Win32\AkDefaultIOHookDeferred.h">
      <Filter>Header Files\WWise</Filter>
    </ClInclude>
    <ClInclude Include="..\..\..\..\..\..\..\..\Program Files (x86)\Audiokinetic\Wwise2024.1.2.8726\SDK\samples\SoundEngine\Win32\AkFileHelpers.h">
      <Filter>Header Files\WWise</Filter>
    </ClInclude>
    <ClInclude Include="..\..\..\..\..\..\..\..\Program Files (x86)\Audiokinetic\Wwise2024.1.2.8726\SDK\samples\SoundEngine\Win32\stdafx.h">
      <Filter>Header Files\WWise</Filter>
    </ClInclude>
  </ItemGroup>
  <ItemGroup>
    <None Include="..\..\..\..\..\..\..\..\Program Files (x86)\Audiokinetic\Wwise2024.1.2.8726\SDK\samples\SoundEngine\Common\AkFilePackageLowLevelIO.inl">
      <Filter>Source Files\WWise</Filter>
    </None>
  </ItemGroup>
</Project>