
Microsoft Visual Studio Solution File, Format Version 12.00
# Visual Studio Version 17
VisualStudioVersion = 17.11.35219.272
MinimumVisualStudioVersion = 10.0.40219.1
Project("{8BC9CEB8-8B4A-11D0-8D11-00A0C91BC942}") = "GraphicsProject", "GraphicsProject\GraphicsProject.vcxproj", "{F06D9044-9CA8-4A51-91C9-725A0E98C205}"
	ProjectSection(ProjectDependencies) = postProject
		{D62C5BC1-F241-41DB-AE92-A0555B15D10C} = {D62C5BC1-F241-41DB-AE92-A0555B15D10C}
	EndProjectSection
EndProject
Project("{8BC9CEB8-8B4A-11D0-8D11-00A0C91BC942}") = "JAGEngine", "JAGEngine\JAGEngine.vcxproj", "{D62C5BC1-F241-41DB-AE92-A0555B15D10C}"
EndProject
Project("{8BC9CEB8-8B4A-11D0-8D11-00A0C91BC942}") = "ZombieGame", "ZombieGame\ZombieGame.vcxproj", "{C4F806E5-7F9E-4A1F-9A32-889B918598E2}"
	ProjectSection(ProjectDependencies) = postProject
		{D62C5BC1-F241-41DB-AE92-A0555B15D10C} = {D62C5BC1-F241-41DB-AE92-A0555B15D10C}
	EndProjectSection
EndProject
Project("{8BC9CEB8-8B4A-11D0-8D11-00A0C91BC942}") = "BallGame", "BallGame\BallGame.vcxproj", "{EE751015-11E6-404D-BBE5-D63AA199DF5F}"
	ProjectSection(ProjectDependencies) = postProject
		{D62C5BC1-F241-41DB-AE92-A0555B15D10C} = {D62C5BC1-F241-41DB-AE92-A0555B15D10C}
	EndProjectSection
EndProject
Project("{8BC9CEB8-8B4A-11D0-8D11-00A0C91BC942}") = "RogueRacingBattleRoyale", "RogueRacingBattleRoyale\RogueRacingBattleRoyale.vcxproj", "{EFF2338C-A4A4-4637-800E-C860CB594E73}"
	ProjectSection(ProjectDependencies) = postProject
		{D62C5BC1-F241-41DB-AE92-A0555B15D10C} = {D62C5BC1-F241-41DB-AE92-A0555B15D10C}
	EndProjectSection
EndProject
Global
	GlobalSection(SolutionConfigurationPlatforms) = preSolution
		Debug|x64 = Debug|x64
		Debug|x86 = Debug|x86
		Release|x64 = Release|x64
		Release|x86 = Release|x86
	EndGlobalSection
	GlobalSection(ProjectConfigurationPlatforms) = postSolution
		{F06D9044-9CA8-4A51-91C9-725A0E98C205}.Debug|x64.ActiveCfg = Debug|x64
		{F06D9044-9CA8-4A51-91C9-725A0E98C205}.Debug|x64.Build.0 = Debug|x64
		{F06D9044-9CA8-4A51-91C9-725A0E98C205}.Debug|x86.ActiveCfg = Debug|Win32
		{F06D9044-9CA8-4A51-91C9-725A0E98C205}.Debug|x86.Build.0 = Debug|Win32
		{F06D9044-9CA8-4A51-91C9-725A0E98C205}.Release|x64.ActiveCfg = Release|x64
		{F06D9044-9CA8-4A51-91C9-725A0E98C205}.Release|x64.Build.0 = Release|x64
		{F06D9044-9CA8-4A51-91C9-725A0E98C205}.Release|x86.ActiveCfg = Release|Win32
		{F06D9044-9CA8-4A51-91C9-725A0E98C205}.Release|x86.Build.0 = Release|Win32
		{D62C5BC1-F241-41DB-AE92-A0555B15D10C}.Debug|x64.ActiveCfg = Debug|x64
		{D62C5BC1-F241-41DB-AE92-A0555B15D10C}.Debug|x64.Build.0 = Debug|x64
		{D62C5BC1-F241-41DB-AE92-A0555B15D10C}.Debug|x86.ActiveCfg = Debug|Win32
		{D62C5BC1-F241-41DB-AE92-A0555B15D10C}.Debug|x86.Build.0 = Debug|Win32
		{D62C5BC1-F241-41DB-AE92-A0555B15D10C}.Release|x64.ActiveCfg = Release|x64
		{D62C5BC1-F241-41DB-AE92-A0555B15D10C}.Release|x64.Build.0 = Release|x64
		{D62C5BC1-F241-41DB-AE92-A0555B15D10C}.Release|x86.ActiveCfg = Release|Win32
		{D62C5BC1-F241-41DB-AE92-A0555B15D10C}.Release|x86.Build.0 = Release|Win32
		{C4F806E5-7F9E-4A1F-9A32-889B918598E2}.Debug|x64.ActiveCfg = Debug|x64
		{C4F806E5-7F9E-4A1F-9A32-889B918598E2}.Debug|x64.Build.0 = Debug|x64
		{C4F806E5-7F9E-4A1F-9A32-889B918598E2}.Debug|x86.ActiveCfg = Debug|Win32
		{C4F806E5-7F9E-4A1F-9A32-889B918598E2}.Debug|x86.Build.0 = Debug|Win32
		{C4F806E5-7F9E-4A1F-9A32-889B918598E2}.Release|x64.ActiveCfg = Release|x64
		{C4F806E5-7F9E-4A1F-9A32-889B918598E2}.Release|x64.Build.0 = Release|x64
		{C4F806E5-7F9E-4A1F-9A32-889B918598E2}.Release|x86.ActiveCfg = Release|Win32
		{C4F806E5-7F9E-4A1F-9A32-889B918598E2}.Release|x86.Build.0 = Release|Win32
		{EE751015-11E6-404D-BBE5-D63AA199DF5F}.Debug|x64.ActiveCfg = Debug|x64
		{EE751015-11E6-404D-BBE5-D63AA199DF5F}.Debug|x64.Build.0 = Debug|x64
		{EE751015-11E6-404D-BBE5-D63AA199DF5F}.Debug|x86.ActiveCfg = Debug|Win32
		{EE751015-11E6-404D-BBE5-D63AA199DF5F}.Debug|x86.Build.0 = Debug|Win32
		{EE751015-11E6-404D-BBE5-D63AA199DF5F}.Release|x64.ActiveCfg = Release|x64
		{EE751015-11E6-404D-BBE5-D63AA199DF5F}.Release|x64.Build.0 = Release|x64
		{EE751015-11E6-404D-BBE5-D63AA199DF5F}.Release|x86.ActiveCfg = Release|Win32
		{EE751015-11E6-404D-BBE5-D63AA199DF5F}.Release|x86.Build.0 = Release|Win32
		{EFF2338C-A4A4-4637-800E-C860CB594E73}.Debug|x64.ActiveCfg = Debug|x64
		{EFF2338C-A4A4-4637-800E-C860CB594E73}.Debug|x64.Build.0 = Debug|x64
		{EFF2338C-A4A4-4637-800E-C860CB594E73}.Debug|x86.ActiveCfg = Debug|Win32
		{EFF2338C-A4A4-4637-800E-C860CB594E73}.Debug|x86.Build.0 = Debug|Win32
		{EFF2338C-A4A4-4637-800E-C860CB594E73}.Release|x64.ActiveCfg = Release|x64
		{EFF2338C-A4A4-4637-800E-C860CB594E73}.Release|x64.Build.0 = Release|x64
		{EFF2338C-A4A4-4637-800E-C860CB594E73}.Release|x86.ActiveCfg = Release|Win32
		{EFF2338C-A4A4-4637-800E-C860CB594E73}.Release|x86.Build.0 = Release|Win32
	EndGlobalSection
	GlobalSection(SolutionProperties) = preSolution
		HideSolutionNode = FALSE
	EndGlobalSection
	GlobalSection(ExtensibilityGlobals) = postSolution
		SolutionGuid = {0131768D-5EAB-4D5E-8CFD-6ABB4F501FBA}
	EndGlobalSection
EndGlobal
