<?xml version="1.0" encoding="utf-8"?>
<Project ToolsVersion="4.0" xmlns="http://schemas.microsoft.com/developer/msbuild/2003">
  <ItemGroup>
    <Filter Include="Source Files">
      <UniqueIdentifier>{4FC737F1-C7A5-4376-A066-2A32D752A2FF}</UniqueIdentifier>
      <Extensions>cpp;c;cc;cxx;c++;cppm;ixx;def;odl;idl;hpj;bat;asm;asmx</Extensions>
    </Filter>
    <Filter Include="Header Files">
      <UniqueIdentifier>{93995380-89BD-4b04-88EB-625FBE52EBFB}</UniqueIdentifier>
      <Extensions>h;hh;hpp;hxx;h++;hm;inl;inc;ipp;xsd</Extensions>
    </Filter>
    <Filter Include="Resource Files">
      <UniqueIdentifier>{67DA6AB6-F800-4c08-8B7A-83BB121AAD01}</UniqueIdentifier>
      <Extensions>rc;ico;cur;bmp;dlg;rc2;rct;bin;rgs;gif;jpg;jpeg;jpe;resx;tiff;tif;png;wav;mfcribbon-ms</Extensions>
    </Filter>
    <Filter Include="Header Files\Objects">
      <UniqueIdentifier>{aba35fa4-6050-4e31-993c-51be79d574f6}</UniqueIdentifier>
    </Filter>
    <Filter Include="Header Files\Levels">
      <UniqueIdentifier>{bbf0a091-c861-4b42-bdeb-fc44e6eb65ba}</UniqueIdentifier>
    </Filter>
    <Filter Include="Header Files\Rendering">
      <UniqueIdentifier>{96b711de-0517-49e5-9db9-cd9d008945a3}</UniqueIdentifier>
    </Filter>
    <Filter Include="Header Files\Cars">
      <UniqueIdentifier>{bc547a06-d7ab-45ba-9365-c30f0d9deab2}</UniqueIdentifier>
    </Filter>
    <Filter Include="Header Files\Races">
      <UniqueIdentifier>{3b5b682c-58fc-4513-8919-82691d4cde5f}</UniqueIdentifier>
    </Filter>
    <Filter Include="Header Files\Physics">
      <UniqueIdentifier>{c4217e9b-4147-4810-80cf-a679b5937c78}</UniqueIdentifier>
    </Filter>
    <Filter Include="Header Files\Managers">
      <UniqueIdentifier>{939d2db3-4eda-412e-8df6-a330ddcc6562}</UniqueIdentifier>
    </Filter>
    <Filter Include="Header Files\Debug">
      <UniqueIdentifier>{1504ae4b-3f35-42d2-b9b9-6368f45eec83}</UniqueIdentifier>
    </Filter>
    <Filter Include="Header Files\GUI">
      <UniqueIdentifier>{1df19c9b-c613-48c8-9eab-f433c05e5635}</UniqueIdentifier>
    </Filter>
    <Filter Include="Header Files\AI">
      <UniqueIdentifier>{c24c373d-12c6-4b38-91a0-64c88ad63746}</UniqueIdentifier>
    </Filter>
    <Filter Include="Header Files\Controls">
      <UniqueIdentifier>{867aa9a7-2274-41a7-b836-e151eb7a6214}</UniqueIdentifier>
    </Filter>
    <Filter Include="Header Files\Gameplay">
      <UniqueIdentifier>{96e15860-f9a8-4c9e-a35d-4cdcef671fd4}</UniqueIdentifier>
    </Filter>
    <Filter Include="Source Files\Rendering">
      <UniqueIdentifier>{a3ab66a1-94e9-423c-bab6-badf76fee2a2}</UniqueIdentifier>
    </Filter>
    <Filter Include="Source Files\Races">
      <UniqueIdentifier>{315d71a5-d9cc-4ee0-9818-844727bbd871}</UniqueIdentifier>
    </Filter>
    <Filter Include="Source Files\Physics">
      <UniqueIdentifier>{9d8b9105-97ae-42d9-861f-523ce58cb844}</UniqueIdentifier>
    </Filter>
    <Filter Include="Source Files\Gameplay">
      <UniqueIdentifier>{579cb6a8-2162-44d6-9749-017b55ffe30f}</UniqueIdentifier>
    </Filter>
    <Filter Include="Source Files\Controls">
      <UniqueIdentifier>{d2515706-93e4-480b-b36e-903cdef90a05}</UniqueIdentifier>
    </Filter>
    <Filter Include="Source Files\AI">
      <UniqueIdentifier>{cc968154-41e7-4967-a36d-da0f89684800}</UniqueIdentifier>
    </Filter>
    <Filter Include="Source Files\GUI">
      <UniqueIdentifier>{0d5c779f-b440-4529-8dd8-cebb2ae147aa}</UniqueIdentifier>
    </Filter>
    <Filter Include="Source Files\Debug">
      <UniqueIdentifier>{dbbce5e6-d9eb-45f7-a6c0-b12c3e73892b}</UniqueIdentifier>
    </Filter>
    <Filter Include="Source Files\Managers">
      <UniqueIdentifier>{dccf7f00-bd37-4d52-bec5-5bbf79921e27}</UniqueIdentifier>
    </Filter>
    <Filter Include="Source Files\Cars">
      <UniqueIdentifier>{cd904cd1-adda-492c-8ff3-9cc55e96b6d2}</UniqueIdentifier>
    </Filter>
    <Filter Include="Source Files\Levels">
      <UniqueIdentifier>{3975c376-e1b2-428b-abba-248e2c9d4212}</UniqueIdentifier>
    </Filter>
    <Filter Include="Source Files\Objects">
      <UniqueIdentifier>{75547f39-9976-4611-a494-6e4b4bd713bc}</UniqueIdentifier>
    </Filter>
    <Filter Include="Source Files\Audio">
      <UniqueIdentifier>{354d7b20-86b4-433d-9d9a-2bc07dacdaf0}</UniqueIdentifier>
    </Filter>
    <Filter Include="Header Files\Audio">
      <UniqueIdentifier>{f4c5a86c-ec93-48f7-bffa-fedca33fabce}</UniqueIdentifier>
    </Filter>
  </ItemGroup>
  <ItemGroup>
    <ClCompile Include="BoosterObject.cpp">
      <Filter>Source Files\Objects</Filter>
    </ClCompile>
    <ClCompile Include="XPPickupObject.cpp">
      <Filter>Source Files\Objects</Filter>
    </ClCompile>
    <ClCompile Include="AIDriver.cpp">
      <Filter>Source Files\AI</Filter>
    </ClCompile>
    <ClCompile Include="App.cpp">
      <Filter>Source Files\Managers</Filter>
    </ClCompile>
    <ClCompile Include="DebugDraw.cpp">
      <Filter>Source Files\Debug</Filter>
    </ClCompile>
    <ClCompile Include="GameplayScreen.cpp">
      <Filter>Source Files\Gameplay</Filter>
    </ClCompile>
    <ClCompile Include="imgui_impls.cpp">
      <Filter>Source Files\GUI</Filter>
    </ClCompile>
    <ClCompile Include="LevelEditorScreen.cpp">
      <Filter>Source Files\Levels</Filter>
    </ClCompile>
    <ClCompile Include="LevelRenderer.cpp">
      <Filter>Source Files\Rendering</Filter>
    </ClCompile>
    <ClCompile Include="LevelSaveLoad.cpp">
      <Filter>Source Files\Levels</Filter>
    </ClCompile>
    <ClCompile Include="ObjectManager.cpp">
      <Filter>Source Files\Managers</Filter>
    </ClCompile>
    <ClCompile Include="PhysicsSystem.cpp">
      <Filter>Source Files\Physics</Filter>
    </ClCompile>
    <ClCompile Include="RaceCountdown.cpp">
      <Filter>Source Files\Races</Filter>
    </ClCompile>
    <ClCompile Include="RaceManager.cpp">
      <Filter>Source Files\Managers</Filter>
    </ClCompile>
    <ClCompile Include="WheelCollider.cpp">
      <Filter>Source Files\Cars</Filter>
    </ClCompile>
    <ClCompile Include="Car.cpp">
      <Filter>Source Files\Cars</Filter>
    </ClCompile>
    <ClCompile Include="Main.cpp">
      <Filter>Source Files\Managers</Filter>
    </ClCompile>
    <ClCompile Include="PerformanceTimer.cpp">
      <Filter>Source Files\Debug</Filter>
    </ClCompile>
    <ClCompile Include="RaceTimer.cpp">
      <Filter>Source Files\Races</Filter>
    </ClCompile>
    <ClCompile Include="RoadMeshGenerator.cpp">
      <Filter>Source Files\Levels</Filter>
    </ClCompile>
    <ClCompile Include="SplineTrack.cpp">
      <Filter>Source Files\Levels</Filter>
    </ClCompile>
    <ClCompile Include="AudioEngine.cpp">
      <Filter>Source Files\Audio</Filter>
    </ClCompile>
    <ClCompile Include="TrackNode.cpp">
      <Filter>Source Files\Levels</Filter>
    </ClCompile>
  </ItemGroup>
  <ItemGroup>
    <ClInclude Include="BoosterObject.h">
      <Filter>Header Files\Objects</Filter>
    </ClInclude>
    <ClInclude Include="TreeObject.h">
      <Filter>Header Files\Objects</Filter>
    </ClInclude>
    <ClInclude Include="TrafficConeObject.h">
      <Filter>Header Files\Objects</Filter>
    </ClInclude>
    <ClInclude Include="XPPickupObject.h">
      <Filter>Header Files\Objects</Filter>
    </ClInclude>
    <ClInclude Include="PotholeObject.h">
      <Filter>Header Files\Objects</Filter>
    </ClInclude>
    <ClInclude Include="LevelEditorScreen.h">
      <Filter>Header Files\Levels</Filter>
    </ClInclude>
    <ClInclude Include="LevelSaveLoad.h">
      <Filter>Header Files\Levels</Filter>
    </ClInclude>
    <ClInclude Include="RoadMeshGenerator.h">
      <Filter>Header Files\Levels</Filter>
    </ClInclude>
    <ClInclude Include="Car.h">
      <Filter>Header Files\Cars</Filter>
    </ClInclude>
    <ClInclude Include="WheelCollider.h">
      <Filter>Header Files\Cars</Filter>
    </ClInclude>
    <ClInclude Include="LevelRenderer.h">
      <Filter>Header Files\Rendering</Filter>
    </ClInclude>
    <ClInclude Include="RaceCountdown.h">
      <Filter>Header Files\Races</Filter>
    </ClInclude>
    <ClInclude Include="RaceTimer.h">
      <Filter>Header Files\Races</Filter>
    </ClInclude>
    <ClInclude Include="PlaceableObject.h">
      <Filter>Header Files\Objects</Filter>
    </ClInclude>
    <ClInclude Include="PhysicsSystem.h">
      <Filter>Header Files\Physics</Filter>
    </ClInclude>
    <ClInclude Include="PhysicsCategories.h">
      <Filter>Header Files\Physics</Filter>
    </ClInclude>
    <ClInclude Include="ObjectProperties.h">
      <Filter>Header Files\Objects</Filter>
    </ClInclude>
    <ClInclude Include="ObjectManager.h">
      <Filter>Header Files\Managers</Filter>
    </ClInclude>
    <ClInclude Include="RaceManager.h">
      <Filter>Header Files\Managers</Filter>
    </ClInclude>
    <ClInclude Include="DebugDraw.h">
      <Filter>Header Files\Debug</Filter>
    </ClInclude>
    <ClInclude Include="imgui_impls.h">
      <Filter>Header Files\GUI</Filter>
    </ClInclude>
    <ClInclude Include="imconfig.h">
      <Filter>Header Files\GUI</Filter>
    </ClInclude>
    <ClInclude Include="PerformanceTimer.h">
      <Filter>Header Files\Debug</Filter>
    </ClInclude>
    <ClInclude Include="AIDriver.h">
      <Filter>Header Files\AI</Filter>
    </ClInclude>
    <ClInclude Include="TrackNode.h">
      <Filter>Header Files\Levels</Filter>
    </ClInclude>
    <ClInclude Include="SplineTrack.h">
      <Filter>Header Files\Levels</Filter>
    </ClInclude>
    <ClInclude Include="Box2DColors.h">
      <Filter>Header Files\Rendering</Filter>
    </ClInclude>
    <ClInclude Include="InputState.h">
      <Filter>Header Files\Controls</Filter>
    </ClInclude>
    <ClInclude Include="App.h">
      <Filter>Header Files\Managers</Filter>
    </ClInclude>
    <ClInclude Include="ScreenState.h">
      <Filter>Header Files\Managers</Filter>
    </ClInclude>
    <ClInclude Include="AudioEngine.h">
      <Filter>Header Files\Audio</Filter>
    </ClInclude>
    <ClInclude Include="RacingAudioDefs.h">
      <Filter>Header Files\Audio</Filter>
    </ClInclude>
    <ClInclude Include="GameplayScreen.h">
      <Filter>Header Files\Gameplay</Filter>
    </ClInclude>
    <ClInclude Include="IPhysicsUserData.h">
      <Filter>Header Files\Physics</Filter>
    </ClInclude>
  </ItemGroup>
</Project>