
Microsoft Visual Studio Solution File, Format Version 12.00
# Visual Studio Version 17
VisualStudioVersion = 17.13.35825.156 d17.13
MinimumVisualStudioVersion = 10.0.40219.1
Project("{8BC9CEB8-8B4A-11D0-8D11-00A0C91BC942}") = "DialougeEngine", "DialougeEngine\DialougeEngine.vcxproj", "{3ED4935E-06BD-4559-BE7B-6F18E7C0345E}"
EndProject
Global
	GlobalSection(SolutionConfigurationPlatforms) = preSolution
		Debug|x64 = Debug|x64
		Debug|x86 = Debug|x86
		Release|x64 = Release|x64
		Release|x86 = Release|x86
	EndGlobalSection
	GlobalSection(ProjectConfigurationPlatforms) = postSolution
		{3ED4935E-06BD-4559-BE7B-6F18E7C0345E}.Debug|x64.ActiveCfg = Debug|x64
		{3ED4935E-06BD-4559-BE7B-6F18E7C0345E}.Debug|x64.Build.0 = Debug|x64
		{3ED4935E-06BD-4559-BE7B-6F18E7C0345E}.Debug|x86.ActiveCfg = Debug|Win32
		{3ED4935E-06BD-4559-BE7B-6F18E7C0345E}.Debug|x86.Build.0 = Debug|Win32
		{3ED4935E-06BD-4559-BE7B-6F18E7C0345E}.Release|x64.ActiveCfg = Release|x64
		{3ED4935E-06BD-4559-BE7B-6F18E7C0345E}.Release|x64.Build.0 = Release|x64
		{3ED4935E-06BD-4559-BE7B-6F18E7C0345E}.Release|x86.ActiveCfg = Release|Win32
		{3ED4935E-06BD-4559-BE7B-6F18E7C0345E}.Release|x86.Build.0 = Release|Win32
	EndGlobalSection
	GlobalSection(SolutionProperties) = preSolution
		HideSolutionNode = FALSE
	EndGlobalSection
	GlobalSection(ExtensibilityGlobals) = postSolution
		SolutionGuid = {AAE6A476-957E-4401-AEDE-B7477D085C9C}
	EndGlobalSection
EndGlobal
